// !$*UTF8*$!
{
	archiveVersion = 1;
	classes = {
	};
	objectVersion = 55;
	objects = {

/* Begin PBXBuildFile section */
		521F7E75289F6CFF00ED2E88 /* Demo2App.swift in Sources */ = {isa = PBXBuildFile; fileRef = 521F7E74289F6CFF00ED2E88 /* Demo2App.swift */; };
		521F7E77289F6CFF00ED2E88 /* ContentView.swift in Sources */ = {isa = PBXBuildFile; fileRef = 521F7E76289F6CFF00ED2E88 /* ContentView.swift */; };
		521F7E79289F6D0100ED2E88 /* Assets.xcassets in Resources */ = {isa = PBXBuildFile; fileRef = 521F7E78289F6D0100ED2E88 /* Assets.xcassets */; };
		521F7E7C289F6D0100ED2E88 /* Preview Assets.xcassets in Resources */ = {isa = PBXBuildFile; fileRef = 521F7E7B289F6D0100ED2E88 /* Preview Assets.xcassets */; };
		521F7E86289F6D0100ED2E88 /* Demo2Tests.swift in Sources */ = {isa = PBXBuildFile; fileRef = 521F7E85289F6D0100ED2E88 /* Demo2Tests.swift */; };
		521F7E90289F6D0100ED2E88 /* Demo2UITests.swift in Sources */ = {isa = PBXBuildFile; fileRef = 521F7E8F289F6D0100ED2E88 /* Demo2UITests.swift */; };
		521F7E92289F6D0100ED2E88 /* Demo2UITestsLaunchTests.swift in Sources */ = {isa = PBXBuildFile; fileRef = 521F7E91289F6D0100ED2E88 /* Demo2UITestsLaunchTests.swift */; };
/* End PBXBuildFile section */

/* Begin PBXContainerItemProxy section */
		521F7E82289F6D0100ED2E88 /* PBXContainerItemProxy */ = {
			isa = PBXContainerItemProxy;
			containerPortal = 521F7E69289F6CFF00ED2E88 /* Project object */;
			proxyType = 1;
			remoteGlobalIDString = 521F7E70289F6CFF00ED2E88;
			remoteInfo = Demo2;
		};
		521F7E8C289F6D0100ED2E88 /* PBXContainerItemProxy */ = {
			isa = PBXContainerItemProxy;
			containerPortal = 521F7E69289F6CFF00ED2E88 /* Project object */;
			proxyType = 1;
			remoteGlobalIDString = 521F7E70289F6CFF00ED2E88;
			remoteInfo = Demo2;
		};
/* End PBXContainerItemProxy section */

/* Begin PBXFileReference section */
		521F7E71289F6CFF00ED2E88 /* Demo2.app */ = {isa = PBXFileReference; explicitFileType = wrapper.application; includeInIndex = 0; path = Demo2.app; sourceTree = BUILT_PRODUCTS_DIR; };
		521F7E74289F6CFF00ED2E88 /* Demo2App.swift */ = {isa = PBXFileReference; lastKnownFileType = sourcecode.swift; path = Demo2App.swift; sourceTree = "<group>"; };
		521F7E76289F6CFF00ED2E88 /* ContentView.swift */ = {isa = PBXFileReference; lastKnownFileType = sourcecode.swift; path = ContentView.swift; sourceTree = "<group>"; };
		521F7E78289F6D0100ED2E88 /* Assets.xcassets */ = {isa = PBXFileReference; lastKnownFileType = folder.assetcatalog; path = Assets.xcassets; sourceTree = "<group>"; };
		521F7E7B289F6D0100ED2E88 /* Preview Assets.xcassets */ = {isa = PBXFileReference; lastKnownFileType = folder.assetcatalog; path = "Preview Assets.xcassets"; sourceTree = "<group>"; };
		521F7E81289F6D0100ED2E88 /* Demo2Tests.xctest */ = {isa = PBXFileReference; explicitFileType = wrapper.cfbundle; includeInIndex = 0; path = Demo2Tests.xctest; sourceTree = BUILT_PRODUCTS_DIR; };
		521F7E85289F6D0100ED2E88 /* Demo2Tests.swift */ = {isa = PBXFileReference; lastKnownFileType = sourcecode.swift; path = Demo2Tests.swift; sourceTree = "<group>"; };
		521F7E8B289F6D0100ED2E88 /* Demo2UITests.xctest */ = {isa = PBXFileReference; explicitFileType = wrapper.cfbundle; includeInIndex = 0; path = Demo2UITests.xctest; sourceTree = BUILT_PRODUCTS_DIR; };
		521F7E8F289F6D0100ED2E88 /* Demo2UITests.swift */ = {isa = PBXFileReference; lastKnownFileType = sourcecode.swift; path = Demo2UITests.swift; sourceTree = "<group>"; };
		521F7E91289F6D0100ED2E88 /* Demo2UITestsLaunchTests.swift */ = {isa = PBXFileReference; lastKnownFileType = sourcecode.swift; path = Demo2UITestsLaunchTests.swift; sourceTree = "<group>"; };
/* End PBXFileReference section */

/* Begin PBXFrameworksBuildPhase section */
		521F7E6E289F6CFF00ED2E88 /* Frameworks */ = {
			isa = PBXFrameworksBuildPhase;
			buildActionMask = 2147483647;
			files = (
			);
			runOnlyForDeploymentPostprocessing = 0;
		};
		521F7E7E289F6D0100ED2E88 /* Frameworks */ = {
			isa = PBXFrameworksBuildPhase;
			buildActionMask = 2147483647;
			files = (
			);
			runOnlyForDeploymentPostprocessing = 0;
		};
		521F7E88289F6D0100ED2E88 /* Frameworks */ = {
			isa = PBXFrameworksBuildPhase;
			buildActionMask = 2147483647;
			files = (
			);
			runOnlyForDeploymentPostprocessing = 0;
		};
/* End PBXFrameworksBuildPhase section */

/* Begin PBXGroup section */
		521F7E68289F6CFF00ED2E88 = {
			isa = PBXGroup;
			children = (
				521F7E73289F6CFF00ED2E88 /* Demo2 */,
				521F7E84289F6D0100ED2E88 /* Demo2Tests */,
				521F7E8E289F6D0100ED2E88 /* Demo2UITests */,
				521F7E72289F6CFF00ED2E88 /* Products */,
			);
			sourceTree = "<group>";
		};
		521F7E72289F6CFF00ED2E88 /* Products */ = {
			isa = PBXGroup;
			children = (
				521F7E71289F6CFF00ED2E88 /* Demo2.app */,
				521F7E81289F6D0100ED2E88 /* Demo2Tests.xctest */,
				521F7E8B289F6D0100ED2E88 /* Demo2UITests.xctest */,
			);
			name = Products;
			sourceTree = "<group>";
		};
		521F7E73289F6CFF00ED2E88 /* Demo2 */ = {
			isa = PBXGroup;
			children = (
				521F7E74289F6CFF00ED2E88 /* Demo2App.swift */,
				521F7E76289F6CFF00ED2E88 /* ContentView.swift */,
				521F7E78289F6D0100ED2E88 /* Assets.xcassets */,
				521F7E7A289F6D0100ED2E88 /* Preview Content */,
			);
			path = Demo2;
			sourceTree = "<group>";
		};
		521F7E7A289F6D0100ED2E88 /* Preview Content */ = {
			isa = PBXGroup;
			children = (
				521F7E7B289F6D0100ED2E88 /* Preview Assets.xcassets */,
			);
			path = "Preview Content";
			sourceTree = "<group>";
		};
		521F7E84289F6D0100ED2E88 /* Demo2Tests */ = {
			isa = PBXGroup;
			children = (
				521F7E85289F6D0100ED2E88 /* Demo2Tests.swift */,
			);
			path = Demo2Tests;
			sourceTree = "<group>";
		};
		521F7E8E289F6D0100ED2E88 /* Demo2UITests */ = {
			isa = PBXGroup;
			children = (
				521F7E8F289F6D0100ED2E88 /* Demo2UITests.swift */,
				521F7E91289F6D0100ED2E88 /* Demo2UITestsLaunchTests.swift */,
			);
			path = Demo2UITests;
			sourceTree = "<group>";
		};
/* End PBXGroup section */

/* Begin PBXNativeTarget section */
		521F7E70289F6CFF00ED2E88 /* Demo2 */ = {
			isa = PBXNativeTarget;
			buildConfigurationList = 521F7E95289F6D0100ED2E88 /* Build configuration list for PBXNativeTarget "Demo2" */;
			buildPhases = (
				521F7E6D289F6CFF00ED2E88 /* Sources */,
				521F7E6E289F6CFF00ED2E88 /* Frameworks */,
				521F7E6F289F6CFF00ED2E88 /* Resources */,
			);
			buildRules = (
			);
			dependencies = (
			);
			name = Demo2;
			productName = Demo2;
			productReference = 521F7E71289F6CFF00ED2E88 /* Demo2.app */;
			productType = "com.apple.product-type.application";
		};
		521F7E80289F6D0100ED2E88 /* Demo2Tests */ = {
			isa = PBXNativeTarget;
			buildConfigurationList = 521F7E98289F6D0100ED2E88 /* Build configuration list for PBXNativeTarget "Demo2Tests" */;
			buildPhases = (
				521F7E7D289F6D0100ED2E88 /* Sources */,
				521F7E7E289F6D0100ED2E88 /* Frameworks */,
				521F7E7F289F6D0100ED2E88 /* Resources */,
			);
			buildRules = (
			);
			dependencies = (
				521F7E83289F6D0100ED2E88 /* PBXTargetDependency */,
			);
			name = Demo2Tests;
			productName = Demo2Tests;
			productReference = 521F7E81289F6D0100ED2E88 /* Demo2Tests.xctest */;
			productType = "com.apple.product-type.bundle.unit-test";
		};
		521F7E8A289F6D0100ED2E88 /* Demo2UITests */ = {
			isa = PBXNativeTarget;
			buildConfigurationList = 521F7E9B289F6D0100ED2E88 /* Build configuration list for PBXNativeTarget "Demo2UITests" */;
			buildPhases = (
				521F7E87289F6D0100ED2E88 /* Sources */,
				521F7E88289F6D0100ED2E88 /* Frameworks */,
				521F7E89289F6D0100ED2E88 /* Resources */,
			);
			buildRules = (
			);
			dependencies = (
				521F7E8D289F6D0100ED2E88 /* PBXTargetDependency */,
			);
			name = Demo2UITests;
			productName = Demo2UITests;
			productReference = 521F7E8B289F6D0100ED2E88 /* Demo2UITests.xctest */;
			productType = "com.apple.product-type.bundle.ui-testing";
		};
/* End PBXNativeTarget section */

/* Begin PBXProject section */
		521F7E69289F6CFF00ED2E88 /* Project object */ = {
			isa = PBXProject;
			attributes = {
				BuildIndependentTargetsInParallel = 1;
				LastSwiftUpdateCheck = 1340;
				LastUpgradeCheck = 1340;
				TargetAttributes = {
					521F7E70289F6CFF00ED2E88 = {
						CreatedOnToolsVersion = 13.4.1;
					};
					521F7E80289F6D0100ED2E88 = {
						CreatedOnToolsVersion = 13.4.1;
						TestTargetID = 521F7E70289F6CFF00ED2E88;
					};
					521F7E8A289F6D0100ED2E88 = {
						CreatedOnToolsVersion = 13.4.1;
						TestTargetID = 521F7E70289F6CFF00ED2E88;
					};
				};
			};
			buildConfigurationList = 521F7E6C289F6CFF00ED2E88 /* Build configuration list for PBXProject "Demo2" */;
			compatibilityVersion = "Xcode 13.0";
			developmentRegion = en;
			hasScannedForEncodings = 0;
			knownRegions = (
				en,
				Base,
			);
			mainGroup = 521F7E68289F6CFF00ED2E88;
			productRefGroup = 521F7E72289F6CFF00ED2E88 /* Products */;
			projectDirPath = "";
			projectRoot = "";
			targets = (
				521F7E70289F6CFF00ED2E88 /* Demo2 */,
				521F7E80289F6D0100ED2E88 /* Demo2Tests */,
				521F7E8A289F6D0100ED2E88 /* Demo2UITests */,
			);
		};
/* End PBXProject section */

/* Begin PBXResourcesBuildPhase section */
		521F7E6F289F6CFF00ED2E88 /* Resources */ = {
			isa = PBXResourcesBuildPhase;
			buildActionMask = 2147483647;
			files = (
				521F7E7C289F6D0100ED2E88 /* Preview Assets.xcassets in Resources */,
				521F7E79289F6D0100ED2E88 /* Assets.xcassets in Resources */,
			);
			runOnlyForDeploymentPostprocessing = 0;
		};
		521F7E7F289F6D0100ED2E88 /* Resources */ = {
			isa = PBXResourcesBuildPhase;
			buildActionMask = 2147483647;
			files = (
			);
			runOnlyForDeploymentPostprocessing = 0;
		};
		521F7E89289F6D0100ED2E88 /* Resources */ = {
			isa = PBXResourcesBuildPhase;
			buildActionMask = 2147483647;
			files = (
			);
			runOnlyForDeploymentPostprocessing = 0;
		};
/* End PBXResourcesBuildPhase section */

/* Begin PBXSourcesBuildPhase section */
		521F7E6D289F6CFF00ED2E88 /* Sources */ = {
			isa = PBXSourcesBuildPhase;
			buildActionMask = 2147483647;
			files = (
				521F7E77289F6CFF00ED2E88 /* ContentView.swift in Sources */,
				521F7E75289F6CFF00ED2E88 /* Demo2App.swift in Sources */,
			);
			runOnlyForDeploymentPostprocessing = 0;
		};
		521F7E7D289F6D0100ED2E88 /* Sources */ = {
			isa = PBXSourcesBuildPhase;
			buildActionMask = 2147483647;
			files = (
				521F7E86289F6D0100ED2E88 /* Demo2Tests.swift in Sources */,
			);
			runOnlyForDeploymentPostprocessing = 0;
		};
		521F7E87289F6D0100ED2E88 /* Sources */ = {
			isa = PBXSourcesBuildPhase;
			buildActionMask = 2147483647;
			files = (
				521F7E92289F6D0100ED2E88 /* Demo2UITestsLaunchTests.swift in Sources */,
				521F7E90289F6D0100ED2E88 /* Demo2UITests.swift in Sources */,
			);
			runOnlyForDeploymentPostprocessing = 0;
		};
/* End PBXSourcesBuildPhase section */

/* Begin PBXTargetDependency section */
		521F7E83289F6D0100ED2E88 /* PBXTargetDependency */ = {
			isa = PBXTargetDependency;
			target = 521F7E70289F6CFF00ED2E88 /* Demo2 */;
			targetProxy = 521F7E82289F6D0100ED2E88 /* PBXContainerItemProxy */;
		};
		521F7E8D289F6D0100ED2E88 /* PBXTargetDependency */ = {
			isa = PBXTargetDependency;
			target = 521F7E70289F6CFF00ED2E88 /* Demo2 */;
			targetProxy = 521F7E8C289F6D0100ED2E88 /* PBXContainerItemProxy */;
		};
/* End PBXTargetDependency section */

/* Begin XCBuildConfiguration section */
		521F7E93289F6D0100ED2E88 /* Debug */ = {
			isa = XCBuildConfiguration;
			buildSettings = {
				ALWAYS_SEARCH_USER_PATHS = NO;
				CLANG_ANALYZER_NONNULL = YES;
				CLANG_ANALYZER_NUMBER_OBJECT_CONVERSION = YES_AGGRESSIVE;
				CLANG_CXX_LANGUAGE_STANDARD = "gnu++17";
				CLANG_ENABLE_MODULES = YES;
				CLANG_ENABLE_OBJC_ARC = YES;
				CLANG_ENABLE_OBJC_WEAK = YES;
				CLANG_WARN_BLOCK_CAPTURE_AUTORELEASING = YES;
				CLANG_WARN_BOOL_CONVERSION = YES;
				CLANG_WARN_COMMA = YES;
				CLANG_WARN_CONSTANT_CONVERSION = YES;
				CLANG_WARN_DEPRECATED_OBJC_IMPLEMENTATIONS = YES;
				CLANG_WARN_DIRECT_OBJC_ISA_USAGE = YES_ERROR;
				CLANG_WARN_DOCUMENTATION_COMMENTS = YES;
				CLANG_WARN_EMPTY_BODY = YES;
				CLANG_WARN_ENUM_CONVERSION = YES;
				CLANG_WARN_INFINITE_RECURSION = YES;
				CLANG_WARN_INT_CONVERSION = YES;
				CLANG_WARN_NON_LITERAL_NULL_CONVERSION = YES;
				CLANG_WARN_OBJC_IMPLICIT_RETAIN_SELF = YES;
				CLANG_WARN_OBJC_LITERAL_CONVERSION = YES;
				CLANG_WARN_OBJC_ROOT_CLASS = YES_ERROR;
				CLANG_WARN_QUOTED_INCLUDE_IN_FRAMEWORK_HEADER = YES;
				CLANG_WARN_RANGE_LOOP_ANALYSIS = YES;
				CLANG_WARN_STRICT_PROTOTYPES = YES;
				CLANG_WARN_SUSPICIOUS_MOVE = YES;
				CLANG_WARN_UNGUARDED_AVAILABILITY = YES_AGGRESSIVE;
				CLANG_WARN_UNREACHABLE_CODE = YES;
				CLANG_WARN__DUPLICATE_METHOD_MATCH = YES;
				COPY_PHASE_STRIP = NO;
				DEBUG_INFORMATION_FORMAT = dwarf;
				ENABLE_STRICT_OBJC_MSGSEND = YES;
				ENABLE_TESTABILITY = YES;
				GCC_C_LANGUAGE_STANDARD = gnu11;
				GCC_DYNAMIC_NO_PIC = NO;
				GCC_NO_COMMON_BLOCKS = YES;
				GCC_OPTIMIZATION_LEVEL = 0;
				GCC_PREPROCESSOR_DEFINITIONS = (
					"DEBUG=1",
					"$(inherited)",
				);
				GCC_WARN_64_TO_32_BIT_CONVERSION = YES;
				GCC_WARN_ABOUT_RETURN_TYPE = YES_ERROR;
				GCC_WARN_UNDECLARED_SELECTOR = YES;
				GCC_WARN_UNINITIALIZED_AUTOS = YES_AGGRESSIVE;
				GCC_WARN_UNUSED_FUNCTION = YES;
				GCC_WARN_UNUSED_VARIABLE = YES;
				IPHONEOS_DEPLOYMENT_TARGET = 15.5;
				MTL_ENABLE_DEBUG_INFO = INCLUDE_SOURCE;
				MTL_FAST_MATH = YES;
				ONLY_ACTIVE_ARCH = YES;
				SDKROOT = iphoneos;
				SWIFT_ACTIVE_COMPILATION_CONDITIONS = DEBUG;
				SWIFT_OPTIMIZATION_LEVEL = "-Onone";
			};
			name = Debug;
		};
		521F7E94289F6D0100ED2E88 /* Release */ = {
			isa = XCBuildConfiguration;
			buildSettings = {
				ALWAYS_SEARCH_USER_PATHS = NO;
				CLANG_ANALYZER_NONNULL = YES;
				CLANG_ANALYZER_NUMBER_OBJECT_CONVERSION = YES_AGGRESSIVE;
				CLANG_CXX_LANGUAGE_STANDARD = "gnu++17";
				CLANG_ENABLE_MODULES = YES;
				CLANG_ENABLE_OBJC_ARC = YES;
				CLANG_ENABLE_OBJC_WEAK = YES;
				CLANG_WARN_BLOCK_CAPTURE_AUTORELEASING = YES;
				CLANG_WARN_BOOL_CONVERSION = YES;
				CLANG_WARN_COMMA = YES;
				CLANG_WARN_CONSTANT_CONVERSION = YES;
				CLANG_WARN_DEPRECATED_OBJC_IMPLEMENTATIONS = YES;
				CLANG_WARN_DIRECT_OBJC_ISA_USAGE = YES_ERROR;
				CLANG_WARN_DOCUMENTATION_COMMENTS = YES;
				CLANG_WARN_EMPTY_BODY = YES;
				CLANG_WARN_ENUM_CONVERSION = YES;
				CLANG_WARN_INFINITE_RECURSION = YES;
				CLANG_WARN_INT_CONVERSION = YES;
				CLANG_WARN_NON_LITERAL_NULL_CONVERSION = YES;
				CLANG_WARN_OBJC_IMPLICIT_RETAIN_SELF = YES;
				CLANG_WARN_OBJC_LITERAL_CONVERSION = YES;
				CLANG_WARN_OBJC_ROOT_CLASS = YES_ERROR;
				CLANG_WARN_QUOTED_INCLUDE_IN_FRAMEWORK_HEADER = YES;
				CLANG_WARN_RANGE_LOOP_ANALYSIS = YES;
				CLANG_WARN_STRICT_PROTOTYPES = YES;
				CLANG_WARN_SUSPICIOUS_MOVE = YES;
				CLANG_WARN_UNGUARDED_AVAILABILITY = YES_AGGRESSIVE;
				CLANG_WARN_UNREACHABLE_CODE = YES;
				CLANG_WARN__DUPLICATE_METHOD_MATCH = YES;
				COPY_PHASE_STRIP = NO;
				DEBUG_INFORMATION_FORMAT = "dwarf-with-dsym";
				ENABLE_NS_ASSERTIONS = NO;
				ENABLE_STRICT_OBJC_MSGSEND = YES;
				GCC_C_LANGUAGE_STANDARD = gnu11;
				GCC_NO_COMMON_BLOCKS = YES;
				GCC_WARN_64_TO_32_BIT_CONVERSION = YES;
				GCC_WARN_ABOUT_RETURN_TYPE = YES_ERROR;
				GCC_WARN_UNDECLARED_SELECTOR = YES;
				GCC_WARN_UNINITIALIZED_AUTOS = YES_AGGRESSIVE;
				GCC_WARN_UNUSED_FUNCTION = YES;
				GCC_WARN_UNUSED_VARIABLE = YES;
				IPHONEOS_DEPLOYMENT_TARGET = 15.5;
				MTL_ENABLE_DEBUG_INFO = NO;
				MTL_FAST_MATH = YES;
				SDKROOT = iphoneos;
				SWIFT_COMPILATION_MODE = wholemodule;
				SWIFT_OPTIMIZATION_LEVEL = "-O";
				VALIDATE_PRODUCT = YES;
			};
			name = Release;
		};
		521F7E96289F6D0100ED2E88 /* Debug */ = {
			isa = XCBuildConfiguration;
			buildSettings = {
				ASSETCATALOG_COMPILER_APPICON_NAME = AppIcon;
				ASSETCATALOG_COMPILER_GLOBAL_ACCENT_COLOR_NAME = AccentColor;
				CODE_SIGN_STYLE = Automatic;
				CURRENT_PROJECT_VERSION = 1;
				DEVELOPMENT_ASSET_PATHS = "\"Demo2/Preview Content\"";
				ENABLE_PREVIEWS = YES;
				GENERATE_INFOPLIST_FILE = YES;
				INFOPLIST_KEY_UIApplicationSceneManifest_Generation = YES;
				INFOPLIST_KEY_UIApplicationSupportsIndirectInputEvents = YES;
				INFOPLIST_KEY_UILaunchScreen_Generation = YES;
				INFOPLIST_KEY_UISupportedInterfaceOrientations_iPad = "UIInterfaceOrientationPortrait UIInterfaceOrientationPortraitUpsideDown UIInterfaceOrientationLandscapeLeft UIInterfaceOrientationLandscapeRight";
				INFOPLIST_KEY_UISupportedInterfaceOrientations_iPhone = "UIInterfaceOrientationPortrait UIInterfaceOrientationLandscapeLeft UIInterfaceOrientationLandscapeRight";
				LD_RUNPATH_SEARCH_PATHS = (
					"$(inherited)",
					"@executable_path/Frameworks",
				);
				MARKETING_VERSION = 1.0;
				PRODUCT_BUNDLE_IDENTIFIER = com.Demo2;
				PRODUCT_NAME = "$(TARGET_NAME)";
				SWIFT_EMIT_LOC_STRINGS = YES;
				SWIFT_VERSION = 5.0;
				TARGETED_DEVICE_FAMILY = "1,2";
			};
			name = Debug;
		};
		521F7E97289F6D0100ED2E88 /* Release */ = {
			isa = XCBuildConfiguration;
			buildSettings = {
				ASSETCATALOG_COMPILER_APPICON_NAME = AppIcon;
				ASSETCATALOG_COMPILER_GLOBAL_ACCENT_COLOR_NAME = AccentColor;
				CODE_SIGN_STYLE = Automatic;
				CURRENT_PROJECT_VERSION = 1;
				DEVELOPMENT_ASSET_PATHS = "\"Demo2/Preview Content\"";
				ENABLE_PREVIEWS = YES;
				GENERATE_INFOPLIST_FILE = YES;
				INFOPLIST_KEY_UIApplicationSceneManifest_Generation = YES;
				INFOPLIST_KEY_UIApplicationSupportsIndirectInputEvents = YES;
				INFOPLIST_KEY_UILaunchScreen_Generation = YES;
				INFOPLIST_KEY_UISupportedInterfaceOrientations_iPad = "UIInterfaceOrientationPortrait UIInterfaceOrientationPortraitUpsideDown UIInterfaceOrientationLandscapeLeft UIInterfaceOrientationLandscapeRight";
				INFOPLIST_KEY_UISupportedInterfaceOrientations_iPhone = "UIInterfaceOrientationPortrait UIInterfaceOrientationLandscapeLeft UIInterfaceOrientationLandscapeRight";
				LD_RUNPATH_SEARCH_PATHS = (
					"$(inherited)",
					"@executable_path/Frameworks",
				);
				MARKETING_VERSION = 1.0;
				PRODUCT_BUNDLE_IDENTIFIER = com.Demo2;
				PRODUCT_NAME = "$(TARGET_NAME)";
				SWIFT_EMIT_LOC_STRINGS = YES;
				SWIFT_VERSION = 5.0;
				TARGETED_DEVICE_FAMILY = "1,2";
			};
			name = Release;
		};
		521F7E99289F6D0100ED2E88 /* Debug */ = {
			isa = XCBuildConfiguration;
			buildSettings = {
				ALWAYS_EMBED_SWIFT_STANDARD_LIBRARIES = YES;
				BUNDLE_LOADER = "$(TEST_HOST)";
				CODE_SIGN_STYLE = Automatic;
				CURRENT_PROJECT_VERSION = 1;
				GENERATE_INFOPLIST_FILE = YES;
				IPHONEOS_DEPLOYMENT_TARGET = 15.5;
				MARKETING_VERSION = 1.0;
				PRODUCT_BUNDLE_IDENTIFIER = com.Demo2Tests;
				PRODUCT_NAME = "$(TARGET_NAME)";
				SWIFT_EMIT_LOC_STRINGS = NO;
				SWIFT_VERSION = 5.0;
				TARGETED_DEVICE_FAMILY = "1,2";
				TEST_HOST = "$(BUILT_PRODUCTS_DIR)/Demo2.app/Demo2";
			};
			name = Debug;
		};
		521F7E9A289F6D0100ED2E88 /* Release */ = {
			isa = XCBuildConfiguration;
			buildSettings = {
				ALWAYS_EMBED_SWIFT_STANDARD_LIBRARIES = YES;
				BUNDLE_LOADER = "$(TEST_HOST)";
				CODE_SIGN_STYLE = Automatic;
				CURRENT_PROJECT_VERSION = 1;
				GENERATE_INFOPLIST_FILE = YES;
				IPHONEOS_DEPLOYMENT_TARGET = 15.5;
				MARKETING_VERSION = 1.0;
				PRODUCT_BUNDLE_IDENTIFIER = com.Demo2Tests;
				PRODUCT_NAME = "$(TARGET_NAME)";
				SWIFT_EMIT_LOC_STRINGS = NO;
				SWIFT_VERSION = 5.0;
				TARGETED_DEVICE_FAMILY = "1,2";
				TEST_HOST = "$(BUILT_PRODUCTS_DIR)/Demo2.app/Demo2";
			};
			name = Release;
		};
		521F7E9C289F6D0100ED2E88 /* Debug */ = {
			isa = XCBuildConfiguration;
			buildSettings = {
				ALWAYS_EMBED_SWIFT_STANDARD_LIBRARIES = YES;
				CODE_SIGN_STYLE = Automatic;
				CURRENT_PROJECT_VERSION = 1;
				GENERATE_INFOPLIST_FILE = YES;
				MARKETING_VERSION = 1.0;
				PRODUCT_BUNDLE_IDENTIFIER = com.Demo2UITests;
				PRODUCT_NAME = "$(TARGET_NAME)";
				SWIFT_EMIT_LOC_STRINGS = NO;
				SWIFT_VERSION = 5.0;
				TARGETED_DEVICE_FAMILY = "1,2";
				TEST_TARGET_NAME = Demo2;
			};
			name = Debug;
		};
		521F7E9D289F6D0100ED2E88 /* Release */ = {
			isa = XCBuildConfiguration;
			buildSettings = {
				ALWAYS_EMBED_SWIFT_STANDARD_LIBRARIES = YES;
				CODE_SIGN_STYLE = Automatic;
				CURRENT_PROJECT_VERSION = 1;
				GENERATE_INFOPLIST_FILE = YES;
				MARKETING_VERSION = 1.0;
				PRODUCT_BUNDLE_IDENTIFIER = com.Demo2UITests;
				PRODUCT_NAME = "$(TARGET_NAME)";
				SWIFT_EMIT_LOC_STRINGS = NO;
				SWIFT_VERSION = 5.0;
				TARGETED_DEVICE_FAMILY = "1,2";
				TEST_TARGET_NAME = Demo2;
			};
			name = Release;
		};
/* End XCBuildConfiguration section */

/* Begin XCConfigurationList section */
		521F7E6C289F6CFF00ED2E88 /* Build configuration list for PBXProject "Demo2" */ = {
			isa = XCConfigurationList;
			buildConfigurations = (
				521F7E93289F6D0100ED2E88 /* Debug */,
				521F7E94289F6D0100ED2E88 /* Release */,
			);
			defaultConfigurationIsVisible = 0;
			defaultConfigurationName = Release;
		};
		521F7E95289F6D0100ED2E88 /* Build configuration list for PBXNativeTarget "Demo2" */ = {
			isa = XCConfigurationList;
			buildConfigurations = (
				521F7E96289F6D0100ED2E88 /* Debug */,
				521F7E97289F6D0100ED2E88 /* Release */,
			);
			defaultConfigurationIsVisible = 0;
			defaultConfigurationName = Release;
		};
		521F7E98289F6D0100ED2E88 /* Build configuration list for PBXNativeTarget "Demo2Tests" */ = {
			isa = XCConfigurationList;
			buildConfigurations = (
				521F7E99289F6D0100ED2E88 /* Debug */,
				521F7E9A289F6D0100ED2E88 /* Release */,
			);
			defaultConfigurationIsVisible = 0;
			defaultConfigurationName = Release;
		};
		521F7E9B289F6D0100ED2E88 /* Build configuration list for PBXNativeTarget "Demo2UITests" */ = {
			isa = XCConfigurationList;
			buildConfigurations = (
				521F7E9C289F6D0100ED2E88 /* Debug */,
				521F7E9D289F6D0100ED2E88 /* Release */,
			);
			defaultConfigurationIsVisible = 0;
			defaultConfigurationName = Release;
		};
/* End XCConfigurationList section */
	};
	rootObject = 521F7E69289F6CFF00ED2E88 /* Project object */;
}
